
Microsoft Visual Studio Solution File, Format Version 12.00
# Visual Studio Version 16
VisualStudioVersion = 16.0.31727.386
MinimumVisualStudioVersion = 10.0.40219.1
Project("{2150E333-8FDC-42A3-9474-1A3956D46DE8}") = "Services", "Services", "{31F04CC0-E642-4855-A7CE-58A67B7744BF}"
EndProject
Project("{9A19103F-16F7-4668-BE54-9A1E7A4F7556}") = "Restaurants.API", "Restaurants\Restaurants.API.csproj", "{F6C0A1E0-A06D-47D4-8EFD-D363C70377E3}"
EndProject
Project("{2150E333-8FDC-42A3-9474-1A3956D46DE8}") = "Restaurants", "Restaurants", "{7E3A1C03-F8A2-43BB-A6EE-A730FDF85385}"
EndProject
Project("{E53339B2-1760-4266-BCC7-CA923CBCF16C}") = "docker-compose", "docker-compose.dcproj", "{79A021CA-AF95-4E08-BE4E-95EA385394D2}"
EndProject
Global
	GlobalSection(SolutionConfigurationPlatforms) = preSolution
		Debug|Any CPU = Debug|Any CPU
		Release|Any CPU = Release|Any CPU
	EndGlobalSection
	GlobalSection(ProjectConfigurationPlatforms) = postSolution
		{F6C0A1E0-A06D-47D4-8EFD-D363C70377E3}.Debug|Any CPU.ActiveCfg = Debug|Any CPU
		{F6C0A1E0-A06D-47D4-8EFD-D363C70377E3}.Debug|Any CPU.Build.0 = Debug|Any CPU
		{F6C0A1E0-A06D-47D4-8EFD-D363C70377E3}.Release|Any CPU.ActiveCfg = Release|Any CPU
		{F6C0A1E0-A06D-47D4-8EFD-D363C70377E3}.Release|Any CPU.Build.0 = Release|Any CPU
		{79A021CA-AF95-4E08-BE4E-95EA385394D2}.Debug|Any CPU.ActiveCfg = Debug|Any CPU
		{79A021CA-AF95-4E08-BE4E-95EA385394D2}.Debug|Any CPU.Build.0 = Debug|Any CPU
		{79A021CA-AF95-4E08-BE4E-95EA385394D2}.Release|Any CPU.ActiveCfg = Release|Any CPU
		{79A021CA-AF95-4E08-BE4E-95EA385394D2}.Release|Any CPU.Build.0 = Release|Any CPU
	EndGlobalSection
	GlobalSection(SolutionProperties) = preSolution
		HideSolutionNode = FALSE
	EndGlobalSection
	GlobalSection(NestedProjects) = preSolution
		{F6C0A1E0-A06D-47D4-8EFD-D363C70377E3} = {7E3A1C03-F8A2-43BB-A6EE-A730FDF85385}
		{7E3A1C03-F8A2-43BB-A6EE-A730FDF85385} = {31F04CC0-E642-4855-A7CE-58A67B7744BF}
	EndGlobalSection
	GlobalSection(ExtensibilityGlobals) = postSolution
		SolutionGuid = {62495BC4-98E2-4C71-BED9-1740FC84BD63}
	EndGlobalSection
EndGlobal
