
Microsoft Visual Studio Solution File, Format Version 12.00
# Visual Studio Version 16
VisualStudioVersion = 16.0.32228.343
MinimumVisualStudioVersion = 10.0.40219.1
Project("{FAE04EC0-301F-11D3-BF4B-00C04F79EFBC}") = "Ordering", "Ordering.csproj", "{DF528B26-F470-4E87-9133-26D6BDBEF217}"
EndProject
Global
	GlobalSection(SolutionConfigurationPlatforms) = preSolution
		Debug|Any CPU = Debug|Any CPU
		Release|Any CPU = Release|Any CPU
	EndGlobalSection
	GlobalSection(ProjectConfigurationPlatforms) = postSolution
		{DF528B26-F470-4E87-9133-26D6BDBEF217}.Debug|Any CPU.ActiveCfg = Debug|Any CPU
		{DF528B26-F470-4E87-9133-26D6BDBEF217}.Debug|Any CPU.Build.0 = Debug|Any CPU
		{DF528B26-F470-4E87-9133-26D6BDBEF217}.Release|Any CPU.ActiveCfg = Release|Any CPU
		{DF528B26-F470-4E87-9133-26D6BDBEF217}.Release|Any CPU.Build.0 = Release|Any CPU
	EndGlobalSection
	GlobalSection(SolutionProperties) = preSolution
		HideSolutionNode = FALSE
	EndGlobalSection
	GlobalSection(ExtensibilityGlobals) = postSolution
		SolutionGuid = {6E9F3258-0711-4F8B-8C40-4F937D016DE7}
	EndGlobalSection
EndGlobal
